{
    "_readme": [
        "This file locks the dependencies of your project to a known state",
        "Read more about it at https://getcomposer.org/doc/01-basic-usage.md#composer-lock-the-lock-file",
        "This file is @generated automatically"
    ],
    "hash": "f46ee68bb65a8ba6f8c79b4d20f753e0",
    "content-hash": "8483973b4795545bb8b4f7d959d7e5b7",
    "packages": [
        {
            "name": "eidetic-limited/paystack-php",
            "version": "dev-master",
            "source": {
                "type": "git",
                "url": "https://github.com/eidetic-limited/paystack-php.git",
                "reference": "55f06adfe557a597c4c8f71f8524a4fdd541bcd6"
            },
            "dist": {
                "type": "zip",
                "url": "https://api.github.com/repos/eidetic-limited/paystack-php/zipball/55f06adfe557a597c4c8f71f8524a4fdd541bcd6",
                "reference": "55f06adfe557a597c4c8f71f8524a4fdd541bcd6",
                "shasum": ""
            },
            "require": {
                "php": "~5.5|~7.0"
            },
            "require-dev": {
                "phpunit/phpunit": "4.*",
                "scrutinizer/ocular": "~1.1",
                "squizlabs/php_codesniffer": "~2.3"
            },
            "type": "library",
            "extra": {
                "branch-alias": {
                    "dev-master": "1.0-dev"
                }
            },
            "autoload": {
                "psr-4": {
                    "Eidetic\\": "src"
                }
            },
            "notification-url": "https://packagist.org/downloads/",
            "license": [
                "MIT"
            ],
            "authors": [
                {
                    "name": "Eidetic Limited",
                    "email": "info@eidetic.ng",
                    "homepage": "https://www.eidetic.ng",
                    "role": "Developer"
                }
            ],
            "description": "helps makes your Paystack API calls",
            "homepage": "https://github.com/eidetic-limited/paystack-php",
            "keywords": [
                "eidetic-limited",
                "paystack-php"
            ],
            "time": "2016-02-09 05:51:12"
        }
    ],
    "packages-dev": [],
    "aliases": [],
    "minimum-stability": "dev",
    "stability-flags": {
        "eidetic-limited/paystack-php": 20
    },
    "prefer-stable": false,
    "prefer-lowest": false,
    "platform": [],
    "platform-dev": []
}
